// !$*UTF8*$!
{
	archiveVersion = 1;
	classes = {
	};
	objectVersion = 48;
	objects = {

/* Begin PBXBuildFile section */
		B302EED2202CE4AD0064363F /* AppDelegate.swift in Sources */ = {isa = PBXBuildFile; fileRef = B302EED1202CE4AD0064363F /* AppDelegate.swift */; };
		B302EED9202CE4AE0064363F /* Assets.xcassets in Resources */ = {isa = PBXBuildFile; fileRef = B302EED8202CE4AE0064363F /* Assets.xcassets */; };
		B302EEDC202CE4AE0064363F /* LaunchScreen.storyboard in Resources */ = {isa = PBXBuildFile; fileRef = B302EEDA202CE4AE0064363F /* LaunchScreen.storyboard */; };
		B302EEF2202CF01B0064363F /* HouseTests.swift in Sources */ = {isa = PBXBuildFile; fileRef = B302EEF1202CF01B0064363F /* HouseTests.swift */; };
		B302EEF6202CF1D00064363F /* House.swift in Sources */ = {isa = PBXBuildFile; fileRef = B302EEF5202CF1D00064363F /* House.swift */; };
		B302EEFD202CFD850064363F /* PersonTests.swift in Sources */ = {isa = PBXBuildFile; fileRef = B302EEFC202CFD850064363F /* PersonTests.swift */; };
		B302EEFF202CFDEF0064363F /* Person.swift in Sources */ = {isa = PBXBuildFile; fileRef = B302EEFE202CFDEF0064363F /* Person.swift */; };
		B307BFB02046C2110031B546 /* EpisodeListViewController.swift in Sources */ = {isa = PBXBuildFile; fileRef = B307BFAE2046C2110031B546 /* EpisodeListViewController.swift */; };
		B307BFB12046C2110031B546 /* EpisodeListViewController.xib in Resources */ = {isa = PBXBuildFile; fileRef = B307BFAF2046C2110031B546 /* EpisodeListViewController.xib */; };
		B307BFB8204712230031B546 /* Utils.swift in Sources */ = {isa = PBXBuildFile; fileRef = B307BFB7204712230031B546 /* Utils.swift */; };
		B30CC4FF20362B8D00701568 /* WikiViewController.swift in Sources */ = {isa = PBXBuildFile; fileRef = B30CC4FD20362B8D00701568 /* WikiViewController.swift */; };
		B30CC50020362B8D00701568 /* WikiViewController.xib in Resources */ = {isa = PBXBuildFile; fileRef = B30CC4FE20362B8D00701568 /* WikiViewController.xib */; };
		B30CC503203644FA00701568 /* HouseListViewController.swift in Sources */ = {isa = PBXBuildFile; fileRef = B30CC501203644FA00701568 /* HouseListViewController.swift */; };
		B30CC504203644FA00701568 /* HouseListViewController.xib in Resources */ = {isa = PBXBuildFile; fileRef = B30CC502203644FA00701568 /* HouseListViewController.xib */; };
		B30E7020203F2F86007C116B /* Season.swift in Sources */ = {isa = PBXBuildFile; fileRef = B30E701F203F2F86007C116B /* Season.swift */; };
		B30E7022203F3A82007C116B /* Episode.swift in Sources */ = {isa = PBXBuildFile; fileRef = B30E7021203F3A82007C116B /* Episode.swift */; };
		B30E7025203F6A0A007C116B /* Date+Additions.swift in Sources */ = {isa = PBXBuildFile; fileRef = B30E7024203F6A0A007C116B /* Date+Additions.swift */; };
		B30E702720417CDD007C116B /* SeasonTests.swift in Sources */ = {isa = PBXBuildFile; fileRef = B30E702620417CDD007C116B /* SeasonTests.swift */; };
		B32D373C204328A500F82FDD /* EpisodeTest.swift in Sources */ = {isa = PBXBuildFile; fileRef = B32D373B204328A500F82FDD /* EpisodeTest.swift */; };
		B330A48D2045D4BC00427388 /* SeasonListViewController.swift in Sources */ = {isa = PBXBuildFile; fileRef = B330A48B2045D4BC00427388 /* SeasonListViewController.swift */; };
		B330A48E2045D4BC00427388 /* SeasonListViewController.xib in Resources */ = {isa = PBXBuildFile; fileRef = B330A48C2045D4BC00427388 /* SeasonListViewController.xib */; };
		B330A4912046947C00427388 /* SeasonDetailViewController.swift in Sources */ = {isa = PBXBuildFile; fileRef = B330A48F2046947C00427388 /* SeasonDetailViewController.swift */; };
		B330A4922046947C00427388 /* SeasonDetailViewController.xib in Resources */ = {isa = PBXBuildFile; fileRef = B330A4902046947C00427388 /* SeasonDetailViewController.xib */; };
		B330A4952046BC3000427388 /* EpisodeDetailViewController.swift in Sources */ = {isa = PBXBuildFile; fileRef = B330A4932046BC3000427388 /* EpisodeDetailViewController.swift */; };
		B330A4962046BC3000427388 /* EpisodeDetailViewController.xib in Resources */ = {isa = PBXBuildFile; fileRef = B330A4942046BC3000427388 /* EpisodeDetailViewController.xib */; };
		B34C1FE8203A00C600AA82D0 /* MemberListViewController.swift in Sources */ = {isa = PBXBuildFile; fileRef = B34C1FE6203A00C600AA82D0 /* MemberListViewController.swift */; };
		B34C1FE9203A00C600AA82D0 /* MemberListViewController.xib in Resources */ = {isa = PBXBuildFile; fileRef = B34C1FE7203A00C600AA82D0 /* MemberListViewController.xib */; };
		B34C1FEC203B68D800AA82D0 /* MemberList2ViewController.swift in Sources */ = {isa = PBXBuildFile; fileRef = B34C1FEA203B68D800AA82D0 /* MemberList2ViewController.swift */; };
		B34C1FED203B68D800AA82D0 /* MemberList2ViewController.xib in Resources */ = {isa = PBXBuildFile; fileRef = B34C1FEB203B68D800AA82D0 /* MemberList2ViewController.xib */; };
		B376F14B203238B60095E4C5 /* codeIsComing.png in Resources */ = {isa = PBXBuildFile; fileRef = B376F148203238B50095E4C5 /* codeIsComing.png */; };
		B376F14C203238B60095E4C5 /* lannister.jpg in Resources */ = {isa = PBXBuildFile; fileRef = B376F149203238B60095E4C5 /* lannister.jpg */; };
		B376F14D203238B60095E4C5 /* targaryenSmall.jpg in Resources */ = {isa = PBXBuildFile; fileRef = B376F14A203238B60095E4C5 /* targaryenSmall.jpg */; };
		B376F15620323D540095E4C5 /* HouseDetailViewController.swift in Sources */ = {isa = PBXBuildFile; fileRef = B376F15420323D540095E4C5 /* HouseDetailViewController.swift */; };
		B376F15720323D540095E4C5 /* HouseDetailViewController.xib in Resources */ = {isa = PBXBuildFile; fileRef = B376F15520323D540095E4C5 /* HouseDetailViewController.xib */; };
		B376F15A20337C8C0095E4C5 /* UIViewController+Additions.swift in Sources */ = {isa = PBXBuildFile; fileRef = B376F15920337C8C0095E4C5 /* UIViewController+Additions.swift */; };
		B376F15C203380880095E4C5 /* RepositoryTest.swift in Sources */ = {isa = PBXBuildFile; fileRef = B376F15B203380880095E4C5 /* RepositoryTest.swift */; };
		B376F15E2033816E0095E4C5 /* Repository.swift in Sources */ = {isa = PBXBuildFile; fileRef = B376F15D2033816E0095E4C5 /* Repository.swift */; };
/* End PBXBuildFile section */

/* Begin PBXContainerItemProxy section */
		B302EEE3202CE4AE0064363F /* PBXContainerItemProxy */ = {
			isa = PBXContainerItemProxy;
			containerPortal = B302EEC6202CE4AD0064363F /* Project object */;
			proxyType = 1;
			remoteGlobalIDString = B302EECD202CE4AD0064363F;
			remoteInfo = Westeros;
		};
/* End PBXContainerItemProxy section */

/* Begin PBXFileReference section */
		B302EECE202CE4AD0064363F /* Westeros.app */ = {isa = PBXFileReference; explicitFileType = wrapper.application; includeInIndex = 0; path = Westeros.app; sourceTree = BUILT_PRODUCTS_DIR; };
		B302EED1202CE4AD0064363F /* AppDelegate.swift */ = {isa = PBXFileReference; lastKnownFileType = sourcecode.swift; path = AppDelegate.swift; sourceTree = "<group>"; };
		B302EED8202CE4AE0064363F /* Assets.xcassets */ = {isa = PBXFileReference; lastKnownFileType = folder.assetcatalog; path = Assets.xcassets; sourceTree = "<group>"; };
		B302EEDB202CE4AE0064363F /* Base */ = {isa = PBXFileReference; lastKnownFileType = file.storyboard; name = Base; path = Base.lproj/LaunchScreen.storyboard; sourceTree = "<group>"; };
		B302EEDD202CE4AE0064363F /* Info.plist */ = {isa = PBXFileReference; lastKnownFileType = text.plist.xml; path = Info.plist; sourceTree = "<group>"; };
		B302EEE2202CE4AE0064363F /* WesterosTests.xctest */ = {isa = PBXFileReference; explicitFileType = wrapper.cfbundle; includeInIndex = 0; path = WesterosTests.xctest; sourceTree = BUILT_PRODUCTS_DIR; };
		B302EEE8202CE4AE0064363F /* Info.plist */ = {isa = PBXFileReference; lastKnownFileType = text.plist.xml; path = Info.plist; sourceTree = "<group>"; };
		B302EEF1202CF01B0064363F /* HouseTests.swift */ = {isa = PBXFileReference; lastKnownFileType = sourcecode.swift; path = HouseTests.swift; sourceTree = "<group>"; };
		B302EEF5202CF1D00064363F /* House.swift */ = {isa = PBXFileReference; lastKnownFileType = sourcecode.swift; path = House.swift; sourceTree = "<group>"; };
		B302EEFC202CFD850064363F /* PersonTests.swift */ = {isa = PBXFileReference; lastKnownFileType = sourcecode.swift; path = PersonTests.swift; sourceTree = "<group>"; };
		B302EEFE202CFDEF0064363F /* Person.swift */ = {isa = PBXFileReference; lastKnownFileType = sourcecode.swift; path = Person.swift; sourceTree = "<group>"; };
		B307BFAE2046C2110031B546 /* EpisodeListViewController.swift */ = {isa = PBXFileReference; lastKnownFileType = sourcecode.swift; path = EpisodeListViewController.swift; sourceTree = "<group>"; };
		B307BFAF2046C2110031B546 /* EpisodeListViewController.xib */ = {isa = PBXFileReference; lastKnownFileType = file.xib; path = EpisodeListViewController.xib; sourceTree = "<group>"; };
		B307BFB7204712230031B546 /* Utils.swift */ = {isa = PBXFileReference; lastKnownFileType = sourcecode.swift; path = Utils.swift; sourceTree = "<group>"; };
		B30CC4FD20362B8D00701568 /* WikiViewController.swift */ = {isa = PBXFileReference; lastKnownFileType = sourcecode.swift; path = WikiViewController.swift; sourceTree = "<group>"; };
		B30CC4FE20362B8D00701568 /* WikiViewController.xib */ = {isa = PBXFileReference; lastKnownFileType = file.xib; path = WikiViewController.xib; sourceTree = "<group>"; };
		B30CC501203644FA00701568 /* HouseListViewController.swift */ = {isa = PBXFileReference; lastKnownFileType = sourcecode.swift; path = HouseListViewController.swift; sourceTree = "<group>"; };
		B30CC502203644FA00701568 /* HouseListViewController.xib */ = {isa = PBXFileReference; lastKnownFileType = file.xib; path = HouseListViewController.xib; sourceTree = "<group>"; };
		B30E701F203F2F86007C116B /* Season.swift */ = {isa = PBXFileReference; lastKnownFileType = sourcecode.swift; path = Season.swift; sourceTree = "<group>"; };
		B30E7021203F3A82007C116B /* Episode.swift */ = {isa = PBXFileReference; lastKnownFileType = sourcecode.swift; path = Episode.swift; sourceTree = "<group>"; };
		B30E7024203F6A0A007C116B /* Date+Additions.swift */ = {isa = PBXFileReference; lastKnownFileType = sourcecode.swift; path = "Date+Additions.swift"; sourceTree = "<group>"; };
		B30E702620417CDD007C116B /* SeasonTests.swift */ = {isa = PBXFileReference; lastKnownFileType = sourcecode.swift; path = SeasonTests.swift; sourceTree = "<group>"; };
		B32D373B204328A500F82FDD /* EpisodeTest.swift */ = {isa = PBXFileReference; lastKnownFileType = sourcecode.swift; path = EpisodeTest.swift; sourceTree = "<group>"; };
		B330A48B2045D4BC00427388 /* SeasonListViewController.swift */ = {isa = PBXFileReference; lastKnownFileType = sourcecode.swift; path = SeasonListViewController.swift; sourceTree = "<group>"; };
		B330A48C2045D4BC00427388 /* SeasonListViewController.xib */ = {isa = PBXFileReference; lastKnownFileType = file.xib; path = SeasonListViewController.xib; sourceTree = "<group>"; };
		B330A48F2046947C00427388 /* SeasonDetailViewController.swift */ = {isa = PBXFileReference; lastKnownFileType = sourcecode.swift; path = SeasonDetailViewController.swift; sourceTree = "<group>"; };
		B330A4902046947C00427388 /* SeasonDetailViewController.xib */ = {isa = PBXFileReference; lastKnownFileType = file.xib; path = SeasonDetailViewController.xib; sourceTree = "<group>"; };
		B330A4932046BC3000427388 /* EpisodeDetailViewController.swift */ = {isa = PBXFileReference; lastKnownFileType = sourcecode.swift; path = EpisodeDetailViewController.swift; sourceTree = "<group>"; };
		B330A4942046BC3000427388 /* EpisodeDetailViewController.xib */ = {isa = PBXFileReference; lastKnownFileType = file.xib; path = EpisodeDetailViewController.xib; sourceTree = "<group>"; };
		B34C1FE6203A00C600AA82D0 /* MemberListViewController.swift */ = {isa = PBXFileReference; lastKnownFileType = sourcecode.swift; path = MemberListViewController.swift; sourceTree = "<group>"; };
		B34C1FE7203A00C600AA82D0 /* MemberListViewController.xib */ = {isa = PBXFileReference; lastKnownFileType = file.xib; path = MemberListViewController.xib; sourceTree = "<group>"; };
		B34C1FEA203B68D800AA82D0 /* MemberList2ViewController.swift */ = {isa = PBXFileReference; lastKnownFileType = sourcecode.swift; path = MemberList2ViewController.swift; sourceTree = "<group>"; };
		B34C1FEB203B68D800AA82D0 /* MemberList2ViewController.xib */ = {isa = PBXFileReference; lastKnownFileType = file.xib; path = MemberList2ViewController.xib; sourceTree = "<group>"; };
		B376F148203238B50095E4C5 /* codeIsComing.png */ = {isa = PBXFileReference; lastKnownFileType = image.png; path = codeIsComing.png; sourceTree = "<group>"; };
		B376F149203238B60095E4C5 /* lannister.jpg */ = {isa = PBXFileReference; lastKnownFileType = image.jpeg; path = lannister.jpg; sourceTree = "<group>"; };
		B376F14A203238B60095E4C5 /* targaryenSmall.jpg */ = {isa = PBXFileReference; lastKnownFileType = image.jpeg; path = targaryenSmall.jpg; sourceTree = "<group>"; };
		B376F15420323D540095E4C5 /* HouseDetailViewController.swift */ = {isa = PBXFileReference; lastKnownFileType = sourcecode.swift; path = HouseDetailViewController.swift; sourceTree = "<group>"; };
		B376F15520323D540095E4C5 /* HouseDetailViewController.xib */ = {isa = PBXFileReference; lastKnownFileType = file.xib; path = HouseDetailViewController.xib; sourceTree = "<group>"; };
		B376F15920337C8C0095E4C5 /* UIViewController+Additions.swift */ = {isa = PBXFileReference; lastKnownFileType = sourcecode.swift; path = "UIViewController+Additions.swift"; sourceTree = "<group>"; };
		B376F15B203380880095E4C5 /* RepositoryTest.swift */ = {isa = PBXFileReference; lastKnownFileType = sourcecode.swift; path = RepositoryTest.swift; sourceTree = "<group>"; };
		B376F15D2033816E0095E4C5 /* Repository.swift */ = {isa = PBXFileReference; lastKnownFileType = sourcecode.swift; path = Repository.swift; sourceTree = "<group>"; };
/* End PBXFileReference section */

/* Begin PBXFrameworksBuildPhase section */
		B302EECB202CE4AD0064363F /* Frameworks */ = {
			isa = PBXFrameworksBuildPhase;
			buildActionMask = 2147483647;
			files = (
			);
			runOnlyForDeploymentPostprocessing = 0;
		};
		B302EEDF202CE4AE0064363F /* Frameworks */ = {
			isa = PBXFrameworksBuildPhase;
			buildActionMask = 2147483647;
			files = (
			);
			runOnlyForDeploymentPostprocessing = 0;
		};
/* End PBXFrameworksBuildPhase section */

/* Begin PBXGroup section */
		B302EEC5202CE4AD0064363F = {
			isa = PBXGroup;
			children = (
				B302EED0202CE4AD0064363F /* Westeros */,
				B302EEE5202CE4AE0064363F /* WesterosTests */,
				B302EECF202CE4AD0064363F /* Products */,
			);
			sourceTree = "<group>";
		};
		B302EECF202CE4AD0064363F /* Products */ = {
			isa = PBXGroup;
			children = (
				B302EECE202CE4AD0064363F /* Westeros.app */,
				B302EEE2202CE4AE0064363F /* WesterosTests.xctest */,
			);
			name = Products;
			sourceTree = "<group>";
		};
		B302EED0202CE4AD0064363F /* Westeros */ = {
			isa = PBXGroup;
			children = (
				B307BFB6204712050031B546 /* Utils */,
				B30E7023203F69EB007C116B /* FoundationExtensions */,
				B376F15820337C430095E4C5 /* UIKitExtensions */,
				B376F15320323AB10095E4C5 /* Controllers */,
				B302EEF9202CF8340064363F /* Domain */,
				B376F14E2032391D0095E4C5 /* Assets */,
				B302EED1202CE4AD0064363F /* AppDelegate.swift */,
				B302EED8202CE4AE0064363F /* Assets.xcassets */,
				B302EEDA202CE4AE0064363F /* LaunchScreen.storyboard */,
				B302EEDD202CE4AE0064363F /* Info.plist */,
			);
			path = Westeros;
			sourceTree = "<group>";
		};
		B302EEE5202CE4AE0064363F /* WesterosTests */ = {
			isa = PBXGroup;
			children = (
				B302EEE8202CE4AE0064363F /* Info.plist */,
				B302EEF1202CF01B0064363F /* HouseTests.swift */,
				B302EEFC202CFD850064363F /* PersonTests.swift */,
				B376F15B203380880095E4C5 /* RepositoryTest.swift */,
				B30E702620417CDD007C116B /* SeasonTests.swift */,
				B32D373B204328A500F82FDD /* EpisodeTest.swift */,
			);
			path = WesterosTests;
			sourceTree = "<group>";
		};
		B302EEF9202CF8340064363F /* Domain */ = {
			isa = PBXGroup;
			children = (
				B302EEF5202CF1D00064363F /* House.swift */,
				B302EEFE202CFDEF0064363F /* Person.swift */,
				B376F15D2033816E0095E4C5 /* Repository.swift */,
				B30E701F203F2F86007C116B /* Season.swift */,
				B30E7021203F3A82007C116B /* Episode.swift */,
			);
			path = Domain;
			sourceTree = "<group>";
		};
		B307BFB6204712050031B546 /* Utils */ = {
			isa = PBXGroup;
			children = (
				B307BFB7204712230031B546 /* Utils.swift */,
			);
			path = Utils;
			sourceTree = "<group>";
		};
		B30E7023203F69EB007C116B /* FoundationExtensions */ = {
			isa = PBXGroup;
			children = (
				B30E7024203F6A0A007C116B /* Date+Additions.swift */,
			);
			path = FoundationExtensions;
			sourceTree = "<group>";
		};
		B376F14E2032391D0095E4C5 /* Assets */ = {
			isa = PBXGroup;
			children = (
				B376F148203238B50095E4C5 /* codeIsComing.png */,
				B376F149203238B60095E4C5 /* lannister.jpg */,
				B376F14A203238B60095E4C5 /* targaryenSmall.jpg */,
			);
			path = Assets;
			sourceTree = "<group>";
		};
		B376F15320323AB10095E4C5 /* Controllers */ = {
			isa = PBXGroup;
			children = (
				B376F15420323D540095E4C5 /* HouseDetailViewController.swift */,
				B376F15520323D540095E4C5 /* HouseDetailViewController.xib */,
				B30CC4FD20362B8D00701568 /* WikiViewController.swift */,
				B30CC4FE20362B8D00701568 /* WikiViewController.xib */,
				B30CC501203644FA00701568 /* HouseListViewController.swift */,
				B30CC502203644FA00701568 /* HouseListViewController.xib */,
				B34C1FE6203A00C600AA82D0 /* MemberListViewController.swift */,
				B34C1FE7203A00C600AA82D0 /* MemberListViewController.xib */,
				B34C1FEA203B68D800AA82D0 /* MemberList2ViewController.swift */,
				B34C1FEB203B68D800AA82D0 /* MemberList2ViewController.xib */,
				B330A48B2045D4BC00427388 /* SeasonListViewController.swift */,
				B330A48C2045D4BC00427388 /* SeasonListViewController.xib */,
				B330A48F2046947C00427388 /* SeasonDetailViewController.swift */,
				B330A4902046947C00427388 /* SeasonDetailViewController.xib */,
				B330A4932046BC3000427388 /* EpisodeDetailViewController.swift */,
				B330A4942046BC3000427388 /* EpisodeDetailViewController.xib */,
				B307BFAE2046C2110031B546 /* EpisodeListViewController.swift */,
				B307BFAF2046C2110031B546 /* EpisodeListViewController.xib */,
			);
			path = Controllers;
			sourceTree = "<group>";
		};
		B376F15820337C430095E4C5 /* UIKitExtensions */ = {
			isa = PBXGroup;
			children = (
				B376F15920337C8C0095E4C5 /* UIViewController+Additions.swift */,
			);
			path = UIKitExtensions;
			sourceTree = "<group>";
		};
/* End PBXGroup section */

/* Begin PBXNativeTarget section */
		B302EECD202CE4AD0064363F /* Westeros */ = {
			isa = PBXNativeTarget;
			buildConfigurationList = B302EEEB202CE4AE0064363F /* Build configuration list for PBXNativeTarget "Westeros" */;
			buildPhases = (
				B302EECA202CE4AD0064363F /* Sources */,
				B302EECB202CE4AD0064363F /* Frameworks */,
				B302EECC202CE4AD0064363F /* Resources */,
			);
			buildRules = (
			);
			dependencies = (
			);
			name = Westeros;
			productName = Westeros;
			productReference = B302EECE202CE4AD0064363F /* Westeros.app */;
			productType = "com.apple.product-type.application";
		};
		B302EEE1202CE4AE0064363F /* WesterosTests */ = {
			isa = PBXNativeTarget;
			buildConfigurationList = B302EEEE202CE4AE0064363F /* Build configuration list for PBXNativeTarget "WesterosTests" */;
			buildPhases = (
				B302EEDE202CE4AE0064363F /* Sources */,
				B302EEDF202CE4AE0064363F /* Frameworks */,
				B302EEE0202CE4AE0064363F /* Resources */,
			);
			buildRules = (
			);
			dependencies = (
				B302EEE4202CE4AE0064363F /* PBXTargetDependency */,
			);
			name = WesterosTests;
			productName = WesterosTests;
			productReference = B302EEE2202CE4AE0064363F /* WesterosTests.xctest */;
			productType = "com.apple.product-type.bundle.unit-test";
		};
/* End PBXNativeTarget section */

/* Begin PBXProject section */
		B302EEC6202CE4AD0064363F /* Project object */ = {
			isa = PBXProject;
			attributes = {
				LastSwiftUpdateCheck = 0920;
				LastUpgradeCheck = 0920;
				ORGANIZATIONNAME = "Diego Gay Saez";
				TargetAttributes = {
					B302EECD202CE4AD0064363F = {
						CreatedOnToolsVersion = 9.2;
						ProvisioningStyle = Automatic;
					};
					B302EEE1202CE4AE0064363F = {
						CreatedOnToolsVersion = 9.2;
						LastSwiftMigration = 0920;
						ProvisioningStyle = Automatic;
						TestTargetID = B302EECD202CE4AD0064363F;
					};
				};
			};
			buildConfigurationList = B302EEC9202CE4AD0064363F /* Build configuration list for PBXProject "Westeros" */;
			compatibilityVersion = "Xcode 8.0";
			developmentRegion = en;
			hasScannedForEncodings = 0;
			knownRegions = (
				en,
				Base,
			);
			mainGroup = B302EEC5202CE4AD0064363F;
			productRefGroup = B302EECF202CE4AD0064363F /* Products */;
			projectDirPath = "";
			projectRoot = "";
			targets = (
				B302EECD202CE4AD0064363F /* Westeros */,
				B302EEE1202CE4AE0064363F /* WesterosTests */,
			);
		};
/* End PBXProject section */

/* Begin PBXResourcesBuildPhase section */
		B302EECC202CE4AD0064363F /* Resources */ = {
			isa = PBXResourcesBuildPhase;
			buildActionMask = 2147483647;
			files = (
				B376F14C203238B60095E4C5 /* lannister.jpg in Resources */,
				B30CC50020362B8D00701568 /* WikiViewController.xib in Resources */,
				B307BFB12046C2110031B546 /* EpisodeListViewController.xib in Resources */,
				B376F14D203238B60095E4C5 /* targaryenSmall.jpg in Resources */,
				B30CC504203644FA00701568 /* HouseListViewController.xib in Resources */,
				B34C1FE9203A00C600AA82D0 /* MemberListViewController.xib in Resources */,
				B376F15720323D540095E4C5 /* HouseDetailViewController.xib in Resources */,
				B330A4922046947C00427388 /* SeasonDetailViewController.xib in Resources */,
				B376F14B203238B60095E4C5 /* codeIsComing.png in Resources */,
				B34C1FED203B68D800AA82D0 /* MemberList2ViewController.xib in Resources */,
				B302EEDC202CE4AE0064363F /* LaunchScreen.storyboard in Resources */,
				B330A4962046BC3000427388 /* EpisodeDetailViewController.xib in Resources */,
				B302EED9202CE4AE0064363F /* Assets.xcassets in Resources */,
				B330A48E2045D4BC00427388 /* SeasonListViewController.xib in Resources */,
			);
			runOnlyForDeploymentPostprocessing = 0;
		};
		B302EEE0202CE4AE0064363F /* Resources */ = {
			isa = PBXResourcesBuildPhase;
			buildActionMask = 2147483647;
			files = (
			);
			runOnlyForDeploymentPostprocessing = 0;
		};
/* End PBXResourcesBuildPhase section */

/* Begin PBXSourcesBuildPhase section */
		B302EECA202CE4AD0064363F /* Sources */ = {
			isa = PBXSourcesBuildPhase;
			buildActionMask = 2147483647;
			files = (
				B376F15620323D540095E4C5 /* HouseDetailViewController.swift in Sources */,
				B30E7022203F3A82007C116B /* Episode.swift in Sources */,
				B302EEFF202CFDEF0064363F /* Person.swift in Sources */,
				B30E7025203F6A0A007C116B /* Date+Additions.swift in Sources */,
				B302EEF6202CF1D00064363F /* House.swift in Sources */,
				B330A4952046BC3000427388 /* EpisodeDetailViewController.swift in Sources */,
				B330A48D2045D4BC00427388 /* SeasonListViewController.swift in Sources */,
				B376F15A20337C8C0095E4C5 /* UIViewController+Additions.swift in Sources */,
				B302EED2202CE4AD0064363F /* AppDelegate.swift in Sources */,
				B330A4912046947C00427388 /* SeasonDetailViewController.swift in Sources */,
				B30E7020203F2F86007C116B /* Season.swift in Sources */,
				B34C1FEC203B68D800AA82D0 /* MemberList2ViewController.swift in Sources */,
				B307BFB02046C2110031B546 /* EpisodeListViewController.swift in Sources */,
				B376F15E2033816E0095E4C5 /* Repository.swift in Sources */,
				B30CC4FF20362B8D00701568 /* WikiViewController.swift in Sources */,
				B30CC503203644FA00701568 /* HouseListViewController.swift in Sources */,
				B307BFB8204712230031B546 /* Utils.swift in Sources */,
				B34C1FE8203A00C600AA82D0 /* MemberListViewController.swift in Sources */,
			);
			runOnlyForDeploymentPostprocessing = 0;
		};
		B302EEDE202CE4AE0064363F /* Sources */ = {
			isa = PBXSourcesBuildPhase;
			buildActionMask = 2147483647;
			files = (
				B30E702720417CDD007C116B /* SeasonTests.swift in Sources */,
				B32D373C204328A500F82FDD /* EpisodeTest.swift in Sources */,
				B302EEF2202CF01B0064363F /* HouseTests.swift in Sources */,
				B302EEFD202CFD850064363F /* PersonTests.swift in Sources */,
				B376F15C203380880095E4C5 /* RepositoryTest.swift in Sources */,
			);
			runOnlyForDeploymentPostprocessing = 0;
		};
/* End PBXSourcesBuildPhase section */

/* Begin PBXTargetDependency section */
		B302EEE4202CE4AE0064363F /* PBXTargetDependency */ = {
			isa = PBXTargetDependency;
			target = B302EECD202CE4AD0064363F /* Westeros */;
			targetProxy = B302EEE3202CE4AE0064363F /* PBXContainerItemProxy */;
		};
/* End PBXTargetDependency section */

/* Begin PBXVariantGroup section */
		B302EEDA202CE4AE0064363F /* LaunchScreen.storyboard */ = {
			isa = PBXVariantGroup;
			children = (
				B302EEDB202CE4AE0064363F /* Base */,
			);
			name = LaunchScreen.storyboard;
			sourceTree = "<group>";
		};
/* End PBXVariantGroup section */

/* Begin XCBuildConfiguration section */
		B302EEE9202CE4AE0064363F /* Debug */ = {
			isa = XCBuildConfiguration;
			buildSettings = {
				ALWAYS_SEARCH_USER_PATHS = NO;
				CLANG_ANALYZER_NONNULL = YES;
				CLANG_ANALYZER_NUMBER_OBJECT_CONVERSION = YES_AGGRESSIVE;
				CLANG_CXX_LANGUAGE_STANDARD = "gnu++14";
				CLANG_CXX_LIBRARY = "libc++";
				CLANG_ENABLE_MODULES = YES;
				CLANG_ENABLE_OBJC_ARC = YES;
				CLANG_WARN_BLOCK_CAPTURE_AUTORELEASING = YES;
				CLANG_WARN_BOOL_CONVERSION = YES;
				CLANG_WARN_COMMA = YES;
				CLANG_WARN_CONSTANT_CONVERSION = YES;
				CLANG_WARN_DIRECT_OBJC_ISA_USAGE = YES_ERROR;
				CLANG_WARN_DOCUMENTATION_COMMENTS = YES;
				CLANG_WARN_EMPTY_BODY = YES;
				CLANG_WARN_ENUM_CONVERSION = YES;
				CLANG_WARN_INFINITE_RECURSION = YES;
				CLANG_WARN_INT_CONVERSION = YES;
				CLANG_WARN_NON_LITERAL_NULL_CONVERSION = YES;
				CLANG_WARN_OBJC_LITERAL_CONVERSION = YES;
				CLANG_WARN_OBJC_ROOT_CLASS = YES_ERROR;
				CLANG_WARN_RANGE_LOOP_ANALYSIS = YES;
				CLANG_WARN_STRICT_PROTOTYPES = YES;
				CLANG_WARN_SUSPICIOUS_MOVE = YES;
				CLANG_WARN_UNGUARDED_AVAILABILITY = YES_AGGRESSIVE;
				CLANG_WARN_UNREACHABLE_CODE = YES;
				CLANG_WARN__DUPLICATE_METHOD_MATCH = YES;
				CODE_SIGN_IDENTITY = "iPhone Developer";
				COPY_PHASE_STRIP = NO;
				DEBUG_INFORMATION_FORMAT = dwarf;
				ENABLE_STRICT_OBJC_MSGSEND = YES;
				ENABLE_TESTABILITY = YES;
				GCC_C_LANGUAGE_STANDARD = gnu11;
				GCC_DYNAMIC_NO_PIC = NO;
				GCC_NO_COMMON_BLOCKS = YES;
				GCC_OPTIMIZATION_LEVEL = 0;
				GCC_PREPROCESSOR_DEFINITIONS = (
					"DEBUG=1",
					"$(inherited)",
				);
				GCC_WARN_64_TO_32_BIT_CONVERSION = YES;
				GCC_WARN_ABOUT_RETURN_TYPE = YES_ERROR;
				GCC_WARN_UNDECLARED_SELECTOR = YES;
				GCC_WARN_UNINITIALIZED_AUTOS = YES_AGGRESSIVE;
				GCC_WARN_UNUSED_FUNCTION = YES;
				GCC_WARN_UNUSED_VARIABLE = YES;
				IPHONEOS_DEPLOYMENT_TARGET = 11.2;
				MTL_ENABLE_DEBUG_INFO = YES;
				ONLY_ACTIVE_ARCH = YES;
				SDKROOT = iphoneos;
				SWIFT_ACTIVE_COMPILATION_CONDITIONS = DEBUG;
				SWIFT_OPTIMIZATION_LEVEL = "-Onone";
			};
			name = Debug;
		};
		B302EEEA202CE4AE0064363F /* Release */ = {
			isa = XCBuildConfiguration;
			buildSettings = {
				ALWAYS_SEARCH_USER_PATHS = NO;
				CLANG_ANALYZER_NONNULL = YES;
				CLANG_ANALYZER_NUMBER_OBJECT_CONVERSION = YES_AGGRESSIVE;
				CLANG_CXX_LANGUAGE_STANDARD = "gnu++14";
				CLANG_CXX_LIBRARY = "libc++";
				CLANG_ENABLE_MODULES = YES;
				CLANG_ENABLE_OBJC_ARC = YES;
				CLANG_WARN_BLOCK_CAPTURE_AUTORELEASING = YES;
				CLANG_WARN_BOOL_CONVERSION = YES;
				CLANG_WARN_COMMA = YES;
				CLANG_WARN_CONSTANT_CONVERSION = YES;
				CLANG_WARN_DIRECT_OBJC_ISA_USAGE = YES_ERROR;
				CLANG_WARN_DOCUMENTATION_COMMENTS = YES;
				CLANG_WARN_EMPTY_BODY = YES;
				CLANG_WARN_ENUM_CONVERSION = YES;
				CLANG_WARN_INFINITE_RECURSION = YES;
				CLANG_WARN_INT_CONVERSION = YES;
				CLANG_WARN_NON_LITERAL_NULL_CONVERSION = YES;
				CLANG_WARN_OBJC_LITERAL_CONVERSION = YES;
				CLANG_WARN_OBJC_ROOT_CLASS = YES_ERROR;
				CLANG_WARN_RANGE_LOOP_ANALYSIS = YES;
				CLANG_WARN_STRICT_PROTOTYPES = YES;
				CLANG_WARN_SUSPICIOUS_MOVE = YES;
				CLANG_WARN_UNGUARDED_AVAILABILITY = YES_AGGRESSIVE;
				CLANG_WARN_UNREACHABLE_CODE = YES;
				CLANG_WARN__DUPLICATE_METHOD_MATCH = YES;
				CODE_SIGN_IDENTITY = "iPhone Developer";
				COPY_PHASE_STRIP = NO;
				DEBUG_INFORMATION_FORMAT = "dwarf-with-dsym";
				ENABLE_NS_ASSERTIONS = NO;
				ENABLE_STRICT_OBJC_MSGSEND = YES;
				GCC_C_LANGUAGE_STANDARD = gnu11;
				GCC_NO_COMMON_BLOCKS = YES;
				GCC_WARN_64_TO_32_BIT_CONVERSION = YES;
				GCC_WARN_ABOUT_RETURN_TYPE = YES_ERROR;
				GCC_WARN_UNDECLARED_SELECTOR = YES;
				GCC_WARN_UNINITIALIZED_AUTOS = YES_AGGRESSIVE;
				GCC_WARN_UNUSED_FUNCTION = YES;
				GCC_WARN_UNUSED_VARIABLE = YES;
				IPHONEOS_DEPLOYMENT_TARGET = 11.2;
				MTL_ENABLE_DEBUG_INFO = NO;
				SDKROOT = iphoneos;
				SWIFT_OPTIMIZATION_LEVEL = "-Owholemodule";
				VALIDATE_PRODUCT = YES;
			};
			name = Release;
		};
		B302EEEC202CE4AE0064363F /* Debug */ = {
			isa = XCBuildConfiguration;
			buildSettings = {
				ASSETCATALOG_COMPILER_APPICON_NAME = AppIcon;
				CODE_SIGN_STYLE = Automatic;
				INFOPLIST_FILE = Westeros/Info.plist;
				LD_RUNPATH_SEARCH_PATHS = "$(inherited) @executable_path/Frameworks";
				PRODUCT_BUNDLE_IDENTIFIER = com.irrationalapps.Westeros;
				PRODUCT_NAME = "$(TARGET_NAME)";
				SWIFT_VERSION = 4.0;
				TARGETED_DEVICE_FAMILY = "1,2";
			};
			name = Debug;
		};
		B302EEED202CE4AE0064363F /* Release */ = {
			isa = XCBuildConfiguration;
			buildSettings = {
				ASSETCATALOG_COMPILER_APPICON_NAME = AppIcon;
				CODE_SIGN_STYLE = Automatic;
				INFOPLIST_FILE = Westeros/Info.plist;
				LD_RUNPATH_SEARCH_PATHS = "$(inherited) @executable_path/Frameworks";
				PRODUCT_BUNDLE_IDENTIFIER = com.irrationalapps.Westeros;
				PRODUCT_NAME = "$(TARGET_NAME)";
				SWIFT_VERSION = 4.0;
				TARGETED_DEVICE_FAMILY = "1,2";
			};
			name = Release;
		};
		B302EEEF202CE4AE0064363F /* Debug */ = {
			isa = XCBuildConfiguration;
			buildSettings = {
				ALWAYS_EMBED_SWIFT_STANDARD_LIBRARIES = YES;
				BUNDLE_LOADER = "$(TEST_HOST)";
				CLANG_ENABLE_MODULES = YES;
				CODE_SIGN_STYLE = Automatic;
				INFOPLIST_FILE = WesterosTests/Info.plist;
				LD_RUNPATH_SEARCH_PATHS = "$(inherited) @executable_path/Frameworks @loader_path/Frameworks";
				PRODUCT_BUNDLE_IDENTIFIER = com.irrationalapps.WesterosTests;
				PRODUCT_NAME = "$(TARGET_NAME)";
				SWIFT_OPTIMIZATION_LEVEL = "-Onone";
				SWIFT_VERSION = 4.0;
				TARGETED_DEVICE_FAMILY = "1,2";
				TEST_HOST = "$(BUILT_PRODUCTS_DIR)/Westeros.app/Westeros";
			};
			name = Debug;
		};
		B302EEF0202CE4AE0064363F /* Release */ = {
			isa = XCBuildConfiguration;
			buildSettings = {
				ALWAYS_EMBED_SWIFT_STANDARD_LIBRARIES = YES;
				BUNDLE_LOADER = "$(TEST_HOST)";
				CLANG_ENABLE_MODULES = YES;
				CODE_SIGN_STYLE = Automatic;
				INFOPLIST_FILE = WesterosTests/Info.plist;
				LD_RUNPATH_SEARCH_PATHS = "$(inherited) @executable_path/Frameworks @loader_path/Frameworks";
				PRODUCT_BUNDLE_IDENTIFIER = com.irrationalapps.WesterosTests;
				PRODUCT_NAME = "$(TARGET_NAME)";
				SWIFT_VERSION = 4.0;
				TARGETED_DEVICE_FAMILY = "1,2";
				TEST_HOST = "$(BUILT_PRODUCTS_DIR)/Westeros.app/Westeros";
			};
			name = Release;
		};
/* End XCBuildConfiguration section */

/* Begin XCConfigurationList section */
		B302EEC9202CE4AD0064363F /* Build configuration list for PBXProject "Westeros" */ = {
			isa = XCConfigurationList;
			buildConfigurations = (
				B302EEE9202CE4AE0064363F /* Debug */,
				B302EEEA202CE4AE0064363F /* Release */,
			);
			defaultConfigurationIsVisible = 0;
			defaultConfigurationName = Release;
		};
		B302EEEB202CE4AE0064363F /* Build configuration list for PBXNativeTarget "Westeros" */ = {
			isa = XCConfigurationList;
			buildConfigurations = (
				B302EEEC202CE4AE0064363F /* Debug */,
				B302EEED202CE4AE0064363F /* Release */,
			);
			defaultConfigurationIsVisible = 0;
			defaultConfigurationName = Release;
		};
		B302EEEE202CE4AE0064363F /* Build configuration list for PBXNativeTarget "WesterosTests" */ = {
			isa = XCConfigurationList;
			buildConfigurations = (
				B302EEEF202CE4AE0064363F /* Debug */,
				B302EEF0202CE4AE0064363F /* Release */,
			);
			defaultConfigurationIsVisible = 0;
			defaultConfigurationName = Release;
		};
/* End XCConfigurationList section */
	};
	rootObject = B302EEC6202CE4AD0064363F /* Project object */;
}
